
Microsoft Visual Studio Solution File, Format Version 12.00
# Visual Studio Version 17
VisualStudioVersion = 17.5.33530.505
MinimumVisualStudioVersion = 10.0.40219.1
Project("{FAE04EC0-301F-11D3-BF4B-00C04F79EFBC}") = "Business", "Business\Business.csproj", "{026956C6-6A15-40BE-BC64-C4EE54AFF8B3}"
EndProject
Project("{FAE04EC0-301F-11D3-BF4B-00C04F79EFBC}") = "Core", "Core\Core.csproj", "{7F170BC5-B8C3-406F-8634-2E8EF7071FA5}"
EndProject
Project("{FAE04EC0-301F-11D3-BF4B-00C04F79EFBC}") = "DataAccess", "DataAccess\DataAccess.csproj", "{3E3F9679-06FC-4DBF-9EB0-C5DE021339E1}"
EndProject
Project("{FAE04EC0-301F-11D3-BF4B-00C04F79EFBC}") = "Domain", "Domain\Domain.csproj", "{1207F003-7535-44C7-822C-04A3EAFBFAA7}"
EndProject
Project("{FAE04EC0-301F-11D3-BF4B-00C04F79EFBC}") = "WebAPI", "WebAPI\WebAPI.csproj", "{44D29EBB-EAC3-41F8-B146-880518E285FD}"
EndProject
Global
	GlobalSection(SolutionConfigurationPlatforms) = preSolution
		Debug|Any CPU = Debug|Any CPU
		Release|Any CPU = Release|Any CPU
	EndGlobalSection
	GlobalSection(ProjectConfigurationPlatforms) = postSolution
		{026956C6-6A15-40BE-BC64-C4EE54AFF8B3}.Debug|Any CPU.ActiveCfg = Debug|Any CPU
		{026956C6-6A15-40BE-BC64-C4EE54AFF8B3}.Debug|Any CPU.Build.0 = Debug|Any CPU
		{026956C6-6A15-40BE-BC64-C4EE54AFF8B3}.Release|Any CPU.ActiveCfg = Release|Any CPU
		{026956C6-6A15-40BE-BC64-C4EE54AFF8B3}.Release|Any CPU.Build.0 = Release|Any CPU
		{7F170BC5-B8C3-406F-8634-2E8EF7071FA5}.Debug|Any CPU.ActiveCfg = Debug|Any CPU
		{7F170BC5-B8C3-406F-8634-2E8EF7071FA5}.Debug|Any CPU.Build.0 = Debug|Any CPU
		{7F170BC5-B8C3-406F-8634-2E8EF7071FA5}.Release|Any CPU.ActiveCfg = Release|Any CPU
		{7F170BC5-B8C3-406F-8634-2E8EF7071FA5}.Release|Any CPU.Build.0 = Release|Any CPU
		{3E3F9679-06FC-4DBF-9EB0-C5DE021339E1}.Debug|Any CPU.ActiveCfg = Debug|Any CPU
		{3E3F9679-06FC-4DBF-9EB0-C5DE021339E1}.Debug|Any CPU.Build.0 = Debug|Any CPU
		{3E3F9679-06FC-4DBF-9EB0-C5DE021339E1}.Release|Any CPU.ActiveCfg = Release|Any CPU
		{3E3F9679-06FC-4DBF-9EB0-C5DE021339E1}.Release|Any CPU.Build.0 = Release|Any CPU
		{1207F003-7535-44C7-822C-04A3EAFBFAA7}.Debug|Any CPU.ActiveCfg = Debug|Any CPU
		{1207F003-7535-44C7-822C-04A3EAFBFAA7}.Debug|Any CPU.Build.0 = Debug|Any CPU
		{1207F003-7535-44C7-822C-04A3EAFBFAA7}.Release|Any CPU.ActiveCfg = Release|Any CPU
		{1207F003-7535-44C7-822C-04A3EAFBFAA7}.Release|Any CPU.Build.0 = Release|Any CPU
		{44D29EBB-EAC3-41F8-B146-880518E285FD}.Debug|Any CPU.ActiveCfg = Debug|Any CPU
		{44D29EBB-EAC3-41F8-B146-880518E285FD}.Debug|Any CPU.Build.0 = Debug|Any CPU
		{44D29EBB-EAC3-41F8-B146-880518E285FD}.Release|Any CPU.ActiveCfg = Release|Any CPU
		{44D29EBB-EAC3-41F8-B146-880518E285FD}.Release|Any CPU.Build.0 = Release|Any CPU
	EndGlobalSection
	GlobalSection(SolutionProperties) = preSolution
		HideSolutionNode = FALSE
	EndGlobalSection
	GlobalSection(ExtensibilityGlobals) = postSolution
		SolutionGuid = {AED3150E-3127-45DB-AA4B-215F5167FBB8}
	EndGlobalSection
EndGlobal
